
Microsoft Visual Studio Solution File, Format Version 12.00
# Visual Studio Version 16
VisualStudioVersion = 16.0.29709.97
MinimumVisualStudioVersion = 10.0.40219.1
Project("{FAE04EC0-301F-11D3-BF4B-00C04F79EFBC}") = "BeerEngine", "BeerEngine\BeerEngine.csproj", "{C276300D-B5C8-45FF-93C5-02B5D93AD4E6}"
EndProject
Project("{9A19103F-16F7-4668-BE54-9A1E7A4F7556}") = "BeerEngineML.Model", "BeerEngineML.Model\BeerEngineML.Model.csproj", "{1550B736-128C-4A9A-9765-C86FABE2477F}"
EndProject
Project("{9A19103F-16F7-4668-BE54-9A1E7A4F7556}") = "BeerEngineML.ConsoleApp", "BeerEngineML.ConsoleApp\BeerEngineML.ConsoleApp.csproj", "{F153F82D-2A5A-4C56-B255-0DFD167B5491}"
EndProject
Global
	GlobalSection(SolutionConfigurationPlatforms) = preSolution
		Debug|Any CPU = Debug|Any CPU
		Release|Any CPU = Release|Any CPU
	EndGlobalSection
	GlobalSection(ProjectConfigurationPlatforms) = postSolution
		{C276300D-B5C8-45FF-93C5-02B5D93AD4E6}.Debug|Any CPU.ActiveCfg = Debug|Any CPU
		{C276300D-B5C8-45FF-93C5-02B5D93AD4E6}.Debug|Any CPU.Build.0 = Debug|Any CPU
		{C276300D-B5C8-45FF-93C5-02B5D93AD4E6}.Release|Any CPU.ActiveCfg = Release|Any CPU
		{C276300D-B5C8-45FF-93C5-02B5D93AD4E6}.Release|Any CPU.Build.0 = Release|Any CPU
		{1550B736-128C-4A9A-9765-C86FABE2477F}.Debug|Any CPU.ActiveCfg = Debug|Any CPU
		{1550B736-128C-4A9A-9765-C86FABE2477F}.Debug|Any CPU.Build.0 = Debug|Any CPU
		{1550B736-128C-4A9A-9765-C86FABE2477F}.Release|Any CPU.ActiveCfg = Release|Any CPU
		{1550B736-128C-4A9A-9765-C86FABE2477F}.Release|Any CPU.Build.0 = Release|Any CPU
		{F153F82D-2A5A-4C56-B255-0DFD167B5491}.Debug|Any CPU.ActiveCfg = Debug|Any CPU
		{F153F82D-2A5A-4C56-B255-0DFD167B5491}.Debug|Any CPU.Build.0 = Debug|Any CPU
		{F153F82D-2A5A-4C56-B255-0DFD167B5491}.Release|Any CPU.ActiveCfg = Release|Any CPU
		{F153F82D-2A5A-4C56-B255-0DFD167B5491}.Release|Any CPU.Build.0 = Release|Any CPU
	EndGlobalSection
	GlobalSection(SolutionProperties) = preSolution
		HideSolutionNode = FALSE
	EndGlobalSection
	GlobalSection(ExtensibilityGlobals) = postSolution
		SolutionGuid = {F4199DDF-721E-43DA-8A3E-F7B5CE22A084}
	EndGlobalSection
EndGlobal
